// !$*UTF8*$!
{
	archiveVersion = 1;
	classes = {
	};
	objectVersion = 48;
	objects = {

/* Begin PBXBuildFile section */
		112222FD207F063500226C83 /* AppDelegate.swift in Sources */ = {isa = PBXBuildFile; fileRef = 112222F9207F063500226C83 /* AppDelegate.swift */; };
		112222FE207F063500226C83 /* Info.plist in Resources */ = {isa = PBXBuildFile; fileRef = 112222FA207F063500226C83 /* Info.plist */; };
		11489050207F008000F633D3 /* Assets.xcassets in Resources */ = {isa = PBXBuildFile; fileRef = 1148904F207F008000F633D3 /* Assets.xcassets */; };
		116B68E62082D37A00A4C149 /* GenerateUsersAndQuotesController.swift in Sources */ = {isa = PBXBuildFile; fileRef = 116B68E52082D37A00A4C149 /* GenerateUsersAndQuotesController.swift */; };
		116B69232082FB0700A4C149 /* QuotesHTTP.swift in Sources */ = {isa = PBXBuildFile; fileRef = 116B69222082FB0700A4C149 /* QuotesHTTP.swift */; };
		116B692520831CCA00A4C149 /* GoogleService-Info.plist in Resources */ = {isa = PBXBuildFile; fileRef = 116B692420831CCA00A4C149 /* GoogleService-Info.plist */; };
		116B692720831F3F00A4C149 /* Quote.swift in Sources */ = {isa = PBXBuildFile; fileRef = 116B692620831F3F00A4C149 /* Quote.swift */; };
		117F6F88207F190100719311 /* UIView+Autolayout.swift in Sources */ = {isa = PBXBuildFile; fileRef = 117F6F87207F190100719311 /* UIView+Autolayout.swift */; };
		117F6F8A207F307D00719311 /* UIWindow+SafeAreaInsets.swift in Sources */ = {isa = PBXBuildFile; fileRef = 117F6F89207F307D00719311 /* UIWindow+SafeAreaInsets.swift */; };
		117F6F90207FCF0E00719311 /* LaunchScreen.storyboard in Resources */ = {isa = PBXBuildFile; fileRef = 117F6F8C207FCF0E00719311 /* LaunchScreen.storyboard */; };
		117F6F91207FCF0E00719311 /* Main.storyboard in Resources */ = {isa = PBXBuildFile; fileRef = 117F6F8E207FCF0E00719311 /* Main.storyboard */; };
		117F6F95207FCFBD00719311 /* FeedTableViewCell.swift in Sources */ = {isa = PBXBuildFile; fileRef = 117F6F93207FCFBD00719311 /* FeedTableViewCell.swift */; };
		117F6F96207FCFBD00719311 /* FeedTableViewCell.xib in Resources */ = {isa = PBXBuildFile; fileRef = 117F6F94207FCFBD00719311 /* FeedTableViewCell.xib */; };
		117F6F99207FDFEE00719311 /* QuotesUser.swift in Sources */ = {isa = PBXBuildFile; fileRef = 117F6F98207FDFEE00719311 /* QuotesUser.swift */; };
		119FAF492084394C00FB1A93 /* SearchView.swift in Sources */ = {isa = PBXBuildFile; fileRef = 119FAF482084394C00FB1A93 /* SearchView.swift */; };
		119FAF4B2084396200FB1A93 /* SearchView.xib in Resources */ = {isa = PBXBuildFile; fileRef = 119FAF4A2084396200FB1A93 /* SearchView.xib */; };
		11A12CD620804C6D000D88E7 /* ProfileHeaderTableViewCell.swift in Sources */ = {isa = PBXBuildFile; fileRef = 11A12CD420804C6D000D88E7 /* ProfileHeaderTableViewCell.swift */; };
		11A12CD720804C6D000D88E7 /* ProfileHeaderTableViewCell.xib in Resources */ = {isa = PBXBuildFile; fileRef = 11A12CD520804C6D000D88E7 /* ProfileHeaderTableViewCell.xib */; };
		11A12CDC20804CBF000D88E7 /* ProfileQuotesTableViewCell.swift in Sources */ = {isa = PBXBuildFile; fileRef = 11A12CDA20804CBF000D88E7 /* ProfileQuotesTableViewCell.swift */; };
		11A12CDD20804CBF000D88E7 /* ProfileQuotesTableViewCell.xib in Resources */ = {isa = PBXBuildFile; fileRef = 11A12CDB20804CBF000D88E7 /* ProfileQuotesTableViewCell.xib */; };
		11A12CE0208050A8000D88E7 /* ProfileQuotesSelectionTableViewCell.swift in Sources */ = {isa = PBXBuildFile; fileRef = 11A12CDE208050A8000D88E7 /* ProfileQuotesSelectionTableViewCell.swift */; };
		11A12CE1208050A8000D88E7 /* ProfileQuotesSelectionTableViewCell.xib in Resources */ = {isa = PBXBuildFile; fileRef = 11A12CDF208050A8000D88E7 /* ProfileQuotesSelectionTableViewCell.xib */; };
		11A12CE42080597D000D88E7 /* ProfileFeedCollectionViewCell.swift in Sources */ = {isa = PBXBuildFile; fileRef = 11A12CE22080597D000D88E7 /* ProfileFeedCollectionViewCell.swift */; };
		11A12CE52080597D000D88E7 /* ProfileFeedCollectionViewCell.xib in Resources */ = {isa = PBXBuildFile; fileRef = 11A12CE32080597D000D88E7 /* ProfileFeedCollectionViewCell.xib */; };
		11A12CEB20806D78000D88E7 /* FeedViewController.swift in Sources */ = {isa = PBXBuildFile; fileRef = 11A12CE720806D77000D88E7 /* FeedViewController.swift */; };
		11A12CEC20806D78000D88E7 /* ProfileViewController.swift in Sources */ = {isa = PBXBuildFile; fileRef = 11A12CE820806D77000D88E7 /* ProfileViewController.swift */; };
		11A12CED20806D78000D88E7 /* QuotesViewController.swift in Sources */ = {isa = PBXBuildFile; fileRef = 11A12CE920806D77000D88E7 /* QuotesViewController.swift */; };
		11A12CEE20806D78000D88E7 /* TabBarViewController.swift in Sources */ = {isa = PBXBuildFile; fileRef = 11A12CEA20806D77000D88E7 /* TabBarViewController.swift */; };
		11A12CF120806DAD000D88E7 /* QuotesNavigationBar.swift in Sources */ = {isa = PBXBuildFile; fileRef = 11A12CF020806DAD000D88E7 /* QuotesNavigationBar.swift */; };
		11CB3EBA207F0E63009EA0A5 /* UIColor+QuotesColors.swift in Sources */ = {isa = PBXBuildFile; fileRef = 11CB3EB9207F0E63009EA0A5 /* UIColor+QuotesColors.swift */; };
		11CB3EBC207F0E97009EA0A5 /* UIColor+Hex.swift in Sources */ = {isa = PBXBuildFile; fileRef = 11CB3EBB207F0E97009EA0A5 /* UIColor+Hex.swift */; };
		11CB3EBE207F105A009EA0A5 /* UIFont+QuotesFont.swift in Sources */ = {isa = PBXBuildFile; fileRef = 11CB3EBD207F105A009EA0A5 /* UIFont+QuotesFont.swift */; };
		11CB3EC2207F12A7009EA0A5 /* QanelasSoftDEMO-ExtraBold.otf in Resources */ = {isa = PBXBuildFile; fileRef = 11CB3EC0207F11BD009EA0A5 /* QanelasSoftDEMO-ExtraBold.otf */; };
		11CB3EC3207F12A9009EA0A5 /* QanelasSoftDEMO-UltraLight.otf in Resources */ = {isa = PBXBuildFile; fileRef = 11CB3EBF207F11BD009EA0A5 /* QanelasSoftDEMO-UltraLight.otf */; };
		11CB3EC4207F12AB009EA0A5 /* QanelasSoftDEMO-Medium.otf in Resources */ = {isa = PBXBuildFile; fileRef = 11CB3EC1207F11BD009EA0A5 /* QanelasSoftDEMO-Medium.otf */; };
		11DF173120807BA70010F4CD /* QuoteReviewViewController.swift in Sources */ = {isa = PBXBuildFile; fileRef = 11DF173020807BA70010F4CD /* QuoteReviewViewController.swift */; };
		11E24EE52083E7E7000B288E /* Config.swift in Sources */ = {isa = PBXBuildFile; fileRef = 11E24EE42083E7E7000B288E /* Config.swift */; };
		11E24EE72083EA87000B288E /* LoginViewController.swift in Sources */ = {isa = PBXBuildFile; fileRef = 11E24EE62083EA87000B288E /* LoginViewController.swift */; };
		11E24EE92083EAF6000B288E /* StartUpController.swift in Sources */ = {isa = PBXBuildFile; fileRef = 11E24EE82083EAF6000B288E /* StartUpController.swift */; };
		11E24EEC20840AC0000B288E /* Date+String.swift in Sources */ = {isa = PBXBuildFile; fileRef = 11E24EEB20840AC0000B288E /* Date+String.swift */; };
		11FCB35020840B94005D5049 /* String+Date.swift in Sources */ = {isa = PBXBuildFile; fileRef = 11FCB34F20840B94005D5049 /* String+Date.swift */; };
		11FCB35220842D3A005D5049 /* UIAlertController+Show.swift in Sources */ = {isa = PBXBuildFile; fileRef = 11FCB35120842D3A005D5049 /* UIAlertController+Show.swift */; };
		F02014710779A6CC1EEF9571 /* Pods_Quotes.framework in Frameworks */ = {isa = PBXBuildFile; fileRef = 628030424FBAC36A3AD0B6D2 /* Pods_Quotes.framework */; };
/* End PBXBuildFile section */

/* Begin PBXFileReference section */
		0BBC51F81E45BA9358ECABA3 /* Pods-Quotes.debug.xcconfig */ = {isa = PBXFileReference; includeInIndex = 1; lastKnownFileType = text.xcconfig; name = "Pods-Quotes.debug.xcconfig"; path = "Pods/Target Support Files/Pods-Quotes/Pods-Quotes.debug.xcconfig"; sourceTree = "<group>"; };
		112222F9207F063500226C83 /* AppDelegate.swift */ = {isa = PBXFileReference; fileEncoding = 4; lastKnownFileType = sourcecode.swift; path = AppDelegate.swift; sourceTree = "<group>"; };
		112222FA207F063500226C83 /* Info.plist */ = {isa = PBXFileReference; fileEncoding = 4; lastKnownFileType = text.plist.xml; name = Info.plist; path = "/Users/sarahlee/Documents/quotes/quotes/Supporting Files/Info.plist"; sourceTree = "<absolute>"; };
		11489043207F008000F633D3 /* Quotes.app */ = {isa = PBXFileReference; explicitFileType = wrapper.application; includeInIndex = 0; path = Quotes.app; sourceTree = BUILT_PRODUCTS_DIR; };
		1148904F207F008000F633D3 /* Assets.xcassets */ = {isa = PBXFileReference; lastKnownFileType = folder.assetcatalog; path = Assets.xcassets; sourceTree = "<group>"; };
		116B68E52082D37A00A4C149 /* GenerateUsersAndQuotesController.swift */ = {isa = PBXFileReference; lastKnownFileType = sourcecode.swift; path = GenerateUsersAndQuotesController.swift; sourceTree = "<group>"; };
		116B691E2082F23C00A4C149 /* Quotes-Bridging-Header.h */ = {isa = PBXFileReference; lastKnownFileType = sourcecode.c.h; path = "Quotes-Bridging-Header.h"; sourceTree = "<group>"; };
		116B69222082FB0700A4C149 /* QuotesHTTP.swift */ = {isa = PBXFileReference; lastKnownFileType = sourcecode.swift; path = QuotesHTTP.swift; sourceTree = "<group>"; };
		116B692420831CCA00A4C149 /* GoogleService-Info.plist */ = {isa = PBXFileReference; fileEncoding = 4; lastKnownFileType = text.plist.xml; path = "GoogleService-Info.plist"; sourceTree = "<group>"; };
		116B692620831F3F00A4C149 /* Quote.swift */ = {isa = PBXFileReference; lastKnownFileType = sourcecode.swift; path = Quote.swift; sourceTree = "<group>"; };
		117F6F87207F190100719311 /* UIView+Autolayout.swift */ = {isa = PBXFileReference; lastKnownFileType = sourcecode.swift; path = "UIView+Autolayout.swift"; sourceTree = "<group>"; };
		117F6F89207F307D00719311 /* UIWindow+SafeAreaInsets.swift */ = {isa = PBXFileReference; lastKnownFileType = sourcecode.swift; path = "UIWindow+SafeAreaInsets.swift"; sourceTree = "<group>"; };
		117F6F8D207FCF0E00719311 /* Base */ = {isa = PBXFileReference; lastKnownFileType = file.storyboard; name = Base; path = Base.lproj/LaunchScreen.storyboard; sourceTree = "<group>"; };
		117F6F8F207FCF0E00719311 /* Base */ = {isa = PBXFileReference; lastKnownFileType = file.storyboard; name = Base; path = Base.lproj/Main.storyboard; sourceTree = "<group>"; };
		117F6F93207FCFBD00719311 /* FeedTableViewCell.swift */ = {isa = PBXFileReference; lastKnownFileType = sourcecode.swift; path = FeedTableViewCell.swift; sourceTree = "<group>"; };
		117F6F94207FCFBD00719311 /* FeedTableViewCell.xib */ = {isa = PBXFileReference; lastKnownFileType = file.xib; path = FeedTableViewCell.xib; sourceTree = "<group>"; };
		117F6F98207FDFEE00719311 /* QuotesUser.swift */ = {isa = PBXFileReference; lastKnownFileType = sourcecode.swift; path = QuotesUser.swift; sourceTree = "<group>"; };
		119FAF482084394C00FB1A93 /* SearchView.swift */ = {isa = PBXFileReference; lastKnownFileType = sourcecode.swift; path = SearchView.swift; sourceTree = "<group>"; };
		119FAF4A2084396200FB1A93 /* SearchView.xib */ = {isa = PBXFileReference; lastKnownFileType = file.xib; path = SearchView.xib; sourceTree = "<group>"; };
		11A12CD420804C6D000D88E7 /* ProfileHeaderTableViewCell.swift */ = {isa = PBXFileReference; lastKnownFileType = sourcecode.swift; path = ProfileHeaderTableViewCell.swift; sourceTree = "<group>"; };
		11A12CD520804C6D000D88E7 /* ProfileHeaderTableViewCell.xib */ = {isa = PBXFileReference; lastKnownFileType = file.xib; path = ProfileHeaderTableViewCell.xib; sourceTree = "<group>"; };
		11A12CDA20804CBF000D88E7 /* ProfileQuotesTableViewCell.swift */ = {isa = PBXFileReference; lastKnownFileType = sourcecode.swift; path = ProfileQuotesTableViewCell.swift; sourceTree = "<group>"; };
		11A12CDB20804CBF000D88E7 /* ProfileQuotesTableViewCell.xib */ = {isa = PBXFileReference; lastKnownFileType = file.xib; path = ProfileQuotesTableViewCell.xib; sourceTree = "<group>"; };
		11A12CDE208050A8000D88E7 /* ProfileQuotesSelectionTableViewCell.swift */ = {isa = PBXFileReference; lastKnownFileType = sourcecode.swift; path = ProfileQuotesSelectionTableViewCell.swift; sourceTree = "<group>"; };
		11A12CDF208050A8000D88E7 /* ProfileQuotesSelectionTableViewCell.xib */ = {isa = PBXFileReference; lastKnownFileType = file.xib; path = ProfileQuotesSelectionTableViewCell.xib; sourceTree = "<group>"; };
		11A12CE22080597D000D88E7 /* ProfileFeedCollectionViewCell.swift */ = {isa = PBXFileReference; lastKnownFileType = sourcecode.swift; path = ProfileFeedCollectionViewCell.swift; sourceTree = "<group>"; };
		11A12CE32080597D000D88E7 /* ProfileFeedCollectionViewCell.xib */ = {isa = PBXFileReference; lastKnownFileType = file.xib; path = ProfileFeedCollectionViewCell.xib; sourceTree = "<group>"; };
		11A12CE720806D77000D88E7 /* FeedViewController.swift */ = {isa = PBXFileReference; fileEncoding = 4; lastKnownFileType = sourcecode.swift; path = FeedViewController.swift; sourceTree = "<group>"; };
		11A12CE820806D77000D88E7 /* ProfileViewController.swift */ = {isa = PBXFileReference; fileEncoding = 4; lastKnownFileType = sourcecode.swift; path = ProfileViewController.swift; sourceTree = "<group>"; };
		11A12CE920806D77000D88E7 /* QuotesViewController.swift */ = {isa = PBXFileReference; fileEncoding = 4; lastKnownFileType = sourcecode.swift; path = QuotesViewController.swift; sourceTree = "<group>"; };
		11A12CEA20806D77000D88E7 /* TabBarViewController.swift */ = {isa = PBXFileReference; fileEncoding = 4; lastKnownFileType = sourcecode.swift; path = TabBarViewController.swift; sourceTree = "<group>"; };
		11A12CF020806DAD000D88E7 /* QuotesNavigationBar.swift */ = {isa = PBXFileReference; lastKnownFileType = sourcecode.swift; path = QuotesNavigationBar.swift; sourceTree = "<group>"; };
		11CB3EB9207F0E63009EA0A5 /* UIColor+QuotesColors.swift */ = {isa = PBXFileReference; lastKnownFileType = sourcecode.swift; path = "UIColor+QuotesColors.swift"; sourceTree = "<group>"; };
		11CB3EBB207F0E97009EA0A5 /* UIColor+Hex.swift */ = {isa = PBXFileReference; lastKnownFileType = sourcecode.swift; path = "UIColor+Hex.swift"; sourceTree = "<group>"; };
		11CB3EBD207F105A009EA0A5 /* UIFont+QuotesFont.swift */ = {isa = PBXFileReference; lastKnownFileType = sourcecode.swift; path = "UIFont+QuotesFont.swift"; sourceTree = "<group>"; };
		11CB3EBF207F11BD009EA0A5 /* QanelasSoftDEMO-UltraLight.otf */ = {isa = PBXFileReference; lastKnownFileType = file; path = "QanelasSoftDEMO-UltraLight.otf"; sourceTree = "<group>"; };
		11CB3EC0207F11BD009EA0A5 /* QanelasSoftDEMO-ExtraBold.otf */ = {isa = PBXFileReference; lastKnownFileType = file; path = "QanelasSoftDEMO-ExtraBold.otf"; sourceTree = "<group>"; };
		11CB3EC1207F11BD009EA0A5 /* QanelasSoftDEMO-Medium.otf */ = {isa = PBXFileReference; lastKnownFileType = file; path = "QanelasSoftDEMO-Medium.otf"; sourceTree = "<group>"; };
		11DF173020807BA70010F4CD /* QuoteReviewViewController.swift */ = {isa = PBXFileReference; lastKnownFileType = sourcecode.swift; path = QuoteReviewViewController.swift; sourceTree = "<group>"; };
		11E24EE42083E7E7000B288E /* Config.swift */ = {isa = PBXFileReference; lastKnownFileType = sourcecode.swift; path = Config.swift; sourceTree = "<group>"; };
		11E24EE62083EA87000B288E /* LoginViewController.swift */ = {isa = PBXFileReference; lastKnownFileType = sourcecode.swift; path = LoginViewController.swift; sourceTree = "<group>"; };
		11E24EE82083EAF6000B288E /* StartUpController.swift */ = {isa = PBXFileReference; lastKnownFileType = sourcecode.swift; path = StartUpController.swift; sourceTree = "<group>"; };
		11E24EEB20840AC0000B288E /* Date+String.swift */ = {isa = PBXFileReference; lastKnownFileType = sourcecode.swift; path = "Date+String.swift"; sourceTree = "<group>"; };
		11FCB34F20840B94005D5049 /* String+Date.swift */ = {isa = PBXFileReference; lastKnownFileType = sourcecode.swift; path = "String+Date.swift"; sourceTree = "<group>"; };
		11FCB35120842D3A005D5049 /* UIAlertController+Show.swift */ = {isa = PBXFileReference; lastKnownFileType = sourcecode.swift; path = "UIAlertController+Show.swift"; sourceTree = "<group>"; };
		1E2527B01DAF3F2F798162EA /* Pods-quotes.release.xcconfig */ = {isa = PBXFileReference; includeInIndex = 1; lastKnownFileType = text.xcconfig; name = "Pods-quotes.release.xcconfig"; path = "Pods/Target Support Files/Pods-quotes/Pods-quotes.release.xcconfig"; sourceTree = "<group>"; };
		3F60B6BB48753AD634BDB7CA /* Pods-quotes.debug.xcconfig */ = {isa = PBXFileReference; includeInIndex = 1; lastKnownFileType = text.xcconfig; name = "Pods-quotes.debug.xcconfig"; path = "Pods/Target Support Files/Pods-quotes/Pods-quotes.debug.xcconfig"; sourceTree = "<group>"; };
		628030424FBAC36A3AD0B6D2 /* Pods_Quotes.framework */ = {isa = PBXFileReference; explicitFileType = wrapper.framework; includeInIndex = 0; path = Pods_Quotes.framework; sourceTree = BUILT_PRODUCTS_DIR; };
		D03B4A939133D3E0957ADE1F /* Pods-Quotes.release.xcconfig */ = {isa = PBXFileReference; includeInIndex = 1; lastKnownFileType = text.xcconfig; name = "Pods-Quotes.release.xcconfig"; path = "Pods/Target Support Files/Pods-Quotes/Pods-Quotes.release.xcconfig"; sourceTree = "<group>"; };
		F23719A438E313571830AF47 /* Pods_quotes.framework */ = {isa = PBXFileReference; explicitFileType = wrapper.framework; includeInIndex = 0; path = Pods_quotes.framework; sourceTree = BUILT_PRODUCTS_DIR; };
/* End PBXFileReference section */

/* Begin PBXFrameworksBuildPhase section */
		11489040207F008000F633D3 /* Frameworks */ = {
			isa = PBXFrameworksBuildPhase;
			buildActionMask = 2147483647;
			files = (
				F02014710779A6CC1EEF9571 /* Pods_Quotes.framework in Frameworks */,
			);
			runOnlyForDeploymentPostprocessing = 0;
		};
/* End PBXFrameworksBuildPhase section */

/* Begin PBXGroup section */
		112222F4207F063500226C83 /* Model */ = {
			isa = PBXGroup;
			children = (
				117F6F98207FDFEE00719311 /* QuotesUser.swift */,
				116B692620831F3F00A4C149 /* Quote.swift */,
			);
			path = Model;
			sourceTree = "<group>";
		};
		112222F8207F063500226C83 /* Supporting Files */ = {
			isa = PBXGroup;
			children = (
				116B692420831CCA00A4C149 /* GoogleService-Info.plist */,
				11CB3EC0207F11BD009EA0A5 /* QanelasSoftDEMO-ExtraBold.otf */,
				11CB3EC1207F11BD009EA0A5 /* QanelasSoftDEMO-Medium.otf */,
				11CB3EBF207F11BD009EA0A5 /* QanelasSoftDEMO-UltraLight.otf */,
				112222F9207F063500226C83 /* AppDelegate.swift */,
				112222FA207F063500226C83 /* Info.plist */,
				116B691E2082F23C00A4C149 /* Quotes-Bridging-Header.h */,
			);
			path = "Supporting Files";
			sourceTree = "<group>";
		};
		1148903A207F007F00F633D3 = {
			isa = PBXGroup;
			children = (
				11489045207F008000F633D3 /* Quotes */,
				11489044207F008000F633D3 /* Products */,
				27451DD257F79E0D367C2F10 /* Pods */,
				EC0774A9820F0030D073AD2C /* Frameworks */,
			);
			sourceTree = "<group>";
		};
		11489044207F008000F633D3 /* Products */ = {
			isa = PBXGroup;
			children = (
				11489043207F008000F633D3 /* Quotes.app */,
			);
			name = Products;
			sourceTree = "<group>";
		};
		11489045207F008000F633D3 /* Quotes */ = {
			isa = PBXGroup;
			children = (
				1148904F207F008000F633D3 /* Assets.xcassets */,
				117F6F92207FCFA800719311 /* Cells */,
				116B68E42082D25B00A4C149 /* Controllers */,
				11CB3EB8207F0E36009EA0A5 /* Extensions */,
				112222F4207F063500226C83 /* Model */,
				116B69212082FAD600A4C149 /* Networking */,
				117F6F8B207FCF0E00719311 /* Storyboards */,
				112222F8207F063500226C83 /* Supporting Files */,
				11A12CE620806D77000D88E7 /* ViewControllers */,
				11A12CEF20806D99000D88E7 /* Views */,
			);
			path = Quotes;
			sourceTree = "<group>";
		};
		116B68E42082D25B00A4C149 /* Controllers */ = {
			isa = PBXGroup;
			children = (
				11E24EE42083E7E7000B288E /* Config.swift */,
				116B68E52082D37A00A4C149 /* GenerateUsersAndQuotesController.swift */,
				11E24EE82083EAF6000B288E /* StartUpController.swift */,
			);
			path = Controllers;
			sourceTree = "<group>";
		};
		116B69212082FAD600A4C149 /* Networking */ = {
			isa = PBXGroup;
			children = (
				116B69222082FB0700A4C149 /* QuotesHTTP.swift */,
			);
			path = Networking;
			sourceTree = "<group>";
		};
		117F6F8B207FCF0E00719311 /* Storyboards */ = {
			isa = PBXGroup;
			children = (
				117F6F8C207FCF0E00719311 /* LaunchScreen.storyboard */,
				117F6F8E207FCF0E00719311 /* Main.storyboard */,
			);
			path = Storyboards;
			sourceTree = "<group>";
		};
		117F6F92207FCFA800719311 /* Cells */ = {
			isa = PBXGroup;
			children = (
				117F6F93207FCFBD00719311 /* FeedTableViewCell.swift */,
				117F6F94207FCFBD00719311 /* FeedTableViewCell.xib */,
				11A12CD420804C6D000D88E7 /* ProfileHeaderTableViewCell.swift */,
				11A12CD520804C6D000D88E7 /* ProfileHeaderTableViewCell.xib */,
				11A12CDA20804CBF000D88E7 /* ProfileQuotesTableViewCell.swift */,
				11A12CDB20804CBF000D88E7 /* ProfileQuotesTableViewCell.xib */,
				11A12CDE208050A8000D88E7 /* ProfileQuotesSelectionTableViewCell.swift */,
				11A12CDF208050A8000D88E7 /* ProfileQuotesSelectionTableViewCell.xib */,
				11A12CE22080597D000D88E7 /* ProfileFeedCollectionViewCell.swift */,
				11A12CE32080597D000D88E7 /* ProfileFeedCollectionViewCell.xib */,
			);
			path = Cells;
			sourceTree = "<group>";
		};
		11A12CE620806D77000D88E7 /* ViewControllers */ = {
			isa = PBXGroup;
			children = (
				11A12CE720806D77000D88E7 /* FeedViewController.swift */,
				11A12CE820806D77000D88E7 /* ProfileViewController.swift */,
				11A12CE920806D77000D88E7 /* QuotesViewController.swift */,
				11A12CEA20806D77000D88E7 /* TabBarViewController.swift */,
				11DF173020807BA70010F4CD /* QuoteReviewViewController.swift */,
				11E24EE62083EA87000B288E /* LoginViewController.swift */,
			);
			path = ViewControllers;
			sourceTree = "<group>";
		};
		11A12CEF20806D99000D88E7 /* Views */ = {
			isa = PBXGroup;
			children = (
				11A12CF020806DAD000D88E7 /* QuotesNavigationBar.swift */,
				119FAF482084394C00FB1A93 /* SearchView.swift */,
				119FAF4A2084396200FB1A93 /* SearchView.xib */,
			);
			path = Views;
			sourceTree = "<group>";
		};
		11CB3EB8207F0E36009EA0A5 /* Extensions */ = {
			isa = PBXGroup;
			children = (
				11CB3EB9207F0E63009EA0A5 /* UIColor+QuotesColors.swift */,
				11CB3EBB207F0E97009EA0A5 /* UIColor+Hex.swift */,
				11CB3EBD207F105A009EA0A5 /* UIFont+QuotesFont.swift */,
				117F6F87207F190100719311 /* UIView+Autolayout.swift */,
				117F6F89207F307D00719311 /* UIWindow+SafeAreaInsets.swift */,
				11E24EEB20840AC0000B288E /* Date+String.swift */,
				11FCB34F20840B94005D5049 /* String+Date.swift */,
				11FCB35120842D3A005D5049 /* UIAlertController+Show.swift */,
			);
			path = Extensions;
			sourceTree = "<group>";
		};
		27451DD257F79E0D367C2F10 /* Pods */ = {
			isa = PBXGroup;
			children = (
				3F60B6BB48753AD634BDB7CA /* Pods-quotes.debug.xcconfig */,
				1E2527B01DAF3F2F798162EA /* Pods-quotes.release.xcconfig */,
				0BBC51F81E45BA9358ECABA3 /* Pods-Quotes.debug.xcconfig */,
				D03B4A939133D3E0957ADE1F /* Pods-Quotes.release.xcconfig */,
			);
			name = Pods;
			sourceTree = "<group>";
		};
		EC0774A9820F0030D073AD2C /* Frameworks */ = {
			isa = PBXGroup;
			children = (
				F23719A438E313571830AF47 /* Pods_quotes.framework */,
				628030424FBAC36A3AD0B6D2 /* Pods_Quotes.framework */,
			);
			name = Frameworks;
			sourceTree = "<group>";
		};
/* End PBXGroup section */

/* Begin PBXNativeTarget section */
		11489042207F008000F633D3 /* Quotes */ = {
			isa = PBXNativeTarget;
			buildConfigurationList = 11489057207F008000F633D3 /* Build configuration list for PBXNativeTarget "Quotes" */;
			buildPhases = (
				D67F3A06FBF9373B2A026709 /* [CP] Check Pods Manifest.lock */,
				1148903F207F008000F633D3 /* Sources */,
				11489040207F008000F633D3 /* Frameworks */,
				11489041207F008000F633D3 /* Resources */,
				FEE410D873C92892C41D779B /* [CP] Embed Pods Frameworks */,
			);
			buildRules = (
			);
			dependencies = (
			);
			name = Quotes;
			productName = quotes;
			productReference = 11489043207F008000F633D3 /* Quotes.app */;
			productType = "com.apple.product-type.application";
		};
/* End PBXNativeTarget section */

/* Begin PBXProject section */
		1148903B207F007F00F633D3 /* Project object */ = {
			isa = PBXProject;
			attributes = {
				LastSwiftUpdateCheck = 0920;
				LastUpgradeCheck = 0920;
				ORGANIZATIONNAME = "Sarah Lee";
				TargetAttributes = {
					11489042207F008000F633D3 = {
						CreatedOnToolsVersion = 9.2;
						LastSwiftMigration = 0930;
						ProvisioningStyle = Automatic;
					};
				};
			};
			buildConfigurationList = 1148903E207F007F00F633D3 /* Build configuration list for PBXProject "Quotes" */;
			compatibilityVersion = "Xcode 8.0";
			developmentRegion = en;
			hasScannedForEncodings = 0;
			knownRegions = (
				en,
				Base,
			);
			mainGroup = 1148903A207F007F00F633D3;
			productRefGroup = 11489044207F008000F633D3 /* Products */;
			projectDirPath = "";
			projectRoot = "";
			targets = (
				11489042207F008000F633D3 /* Quotes */,
			);
		};
/* End PBXProject section */

/* Begin PBXResourcesBuildPhase section */
		11489041207F008000F633D3 /* Resources */ = {
			isa = PBXResourcesBuildPhase;
			buildActionMask = 2147483647;
			files = (
				116B692520831CCA00A4C149 /* GoogleService-Info.plist in Resources */,
				112222FE207F063500226C83 /* Info.plist in Resources */,
				11A12CD720804C6D000D88E7 /* ProfileHeaderTableViewCell.xib in Resources */,
				11A12CE1208050A8000D88E7 /* ProfileQuotesSelectionTableViewCell.xib in Resources */,
				11A12CDD20804CBF000D88E7 /* ProfileQuotesTableViewCell.xib in Resources */,
				117F6F90207FCF0E00719311 /* LaunchScreen.storyboard in Resources */,
				11CB3EC2207F12A7009EA0A5 /* QanelasSoftDEMO-ExtraBold.otf in Resources */,
				11A12CE52080597D000D88E7 /* ProfileFeedCollectionViewCell.xib in Resources */,
				119FAF4B2084396200FB1A93 /* SearchView.xib in Resources */,
				11CB3EC3207F12A9009EA0A5 /* QanelasSoftDEMO-UltraLight.otf in Resources */,
				11CB3EC4207F12AB009EA0A5 /* QanelasSoftDEMO-Medium.otf in Resources */,
				117F6F96207FCFBD00719311 /* FeedTableViewCell.xib in Resources */,
				117F6F91207FCF0E00719311 /* Main.storyboard in Resources */,
				11489050207F008000F633D3 /* Assets.xcassets in Resources */,
			);
			runOnlyForDeploymentPostprocessing = 0;
		};
/* End PBXResourcesBuildPhase section */

/* Begin PBXShellScriptBuildPhase section */
		D67F3A06FBF9373B2A026709 /* [CP] Check Pods Manifest.lock */ = {
			isa = PBXShellScriptBuildPhase;
			buildActionMask = 2147483647;
			files = (
			);
			inputPaths = (
				"${PODS_PODFILE_DIR_PATH}/Podfile.lock",
				"${PODS_ROOT}/Manifest.lock",
			);
			name = "[CP] Check Pods Manifest.lock";
			outputPaths = (
				"$(DERIVED_FILE_DIR)/Pods-Quotes-checkManifestLockResult.txt",
			);
			runOnlyForDeploymentPostprocessing = 0;
			shellPath = /bin/sh;
			shellScript = "diff \"${PODS_PODFILE_DIR_PATH}/Podfile.lock\" \"${PODS_ROOT}/Manifest.lock\" > /dev/null\nif [ $? != 0 ] ; then\n    # print error to STDERR\n    echo \"error: The sandbox is not in sync with the Podfile.lock. Run 'pod install' or update your CocoaPods installation.\" >&2\n    exit 1\nfi\n# This output is used by Xcode 'outputs' to avoid re-running this script phase.\necho \"SUCCESS\" > \"${SCRIPT_OUTPUT_FILE_0}\"\n";
			showEnvVarsInLog = 0;
		};
		FEE410D873C92892C41D779B /* [CP] Embed Pods Frameworks */ = {
			isa = PBXShellScriptBuildPhase;
			buildActionMask = 2147483647;
			files = (
			);
			inputPaths = (
				"${SRCROOT}/Pods/Target Support Files/Pods-Quotes/Pods-Quotes-frameworks.sh",
				"${BUILT_PRODUCTS_DIR}/Alamofire/Alamofire.framework",
				"${BUILT_PRODUCTS_DIR}/Alamofire-SwiftyJSON/Alamofire_SwiftyJSON.framework",
				"${BUILT_PRODUCTS_DIR}/GTMSessionFetcher/GTMSessionFetcher.framework",
				"${BUILT_PRODUCTS_DIR}/GoogleToolboxForMac/GoogleToolboxForMac.framework",
				"${BUILT_PRODUCTS_DIR}/MagicalRecord/MagicalRecord.framework",
				"${BUILT_PRODUCTS_DIR}/PKHUD/PKHUD.framework",
				"${BUILT_PRODUCTS_DIR}/SwiftMultiSelect/SwiftMultiSelect.framework",
				"${BUILT_PRODUCTS_DIR}/SwiftyContacts/SwiftyContacts.framework",
				"${BUILT_PRODUCTS_DIR}/SwiftyJSON/SwiftyJSON.framework",
				"${BUILT_PRODUCTS_DIR}/leveldb-library/leveldb.framework",
				"${BUILT_PRODUCTS_DIR}/nanopb/nanopb.framework",
			);
			name = "[CP] Embed Pods Frameworks";
			outputPaths = (
				"${TARGET_BUILD_DIR}/${FRAMEWORKS_FOLDER_PATH}/Alamofire.framework",
				"${TARGET_BUILD_DIR}/${FRAMEWORKS_FOLDER_PATH}/Alamofire_SwiftyJSON.framework",
				"${TARGET_BUILD_DIR}/${FRAMEWORKS_FOLDER_PATH}/GTMSessionFetcher.framework",
				"${TARGET_BUILD_DIR}/${FRAMEWORKS_FOLDER_PATH}/GoogleToolboxForMac.framework",
				"${TARGET_BUILD_DIR}/${FRAMEWORKS_FOLDER_PATH}/MagicalRecord.framework",
				"${TARGET_BUILD_DIR}/${FRAMEWORKS_FOLDER_PATH}/PKHUD.framework",
				"${TARGET_BUILD_DIR}/${FRAMEWORKS_FOLDER_PATH}/SwiftMultiSelect.framework",
				"${TARGET_BUILD_DIR}/${FRAMEWORKS_FOLDER_PATH}/SwiftyContacts.framework",
				"${TARGET_BUILD_DIR}/${FRAMEWORKS_FOLDER_PATH}/SwiftyJSON.framework",
				"${TARGET_BUILD_DIR}/${FRAMEWORKS_FOLDER_PATH}/leveldb.framework",
				"${TARGET_BUILD_DIR}/${FRAMEWORKS_FOLDER_PATH}/nanopb.framework",
			);
			runOnlyForDeploymentPostprocessing = 0;
			shellPath = /bin/sh;
			shellScript = "\"${SRCROOT}/Pods/Target Support Files/Pods-Quotes/Pods-Quotes-frameworks.sh\"\n";
			showEnvVarsInLog = 0;
		};
/* End PBXShellScriptBuildPhase section */

/* Begin PBXSourcesBuildPhase section */
		1148903F207F008000F633D3 /* Sources */ = {
			isa = PBXSourcesBuildPhase;
			buildActionMask = 2147483647;
			files = (
				116B69232082FB0700A4C149 /* QuotesHTTP.swift in Sources */,
				11CB3EBC207F0E97009EA0A5 /* UIColor+Hex.swift in Sources */,
				11FCB35020840B94005D5049 /* String+Date.swift in Sources */,
				117F6F8A207F307D00719311 /* UIWindow+SafeAreaInsets.swift in Sources */,
				11E24EE72083EA87000B288E /* LoginViewController.swift in Sources */,
				117F6F88207F190100719311 /* UIView+Autolayout.swift in Sources */,
				11CB3EBA207F0E63009EA0A5 /* UIColor+QuotesColors.swift in Sources */,
				11CB3EBE207F105A009EA0A5 /* UIFont+QuotesFont.swift in Sources */,
				112222FD207F063500226C83 /* AppDelegate.swift in Sources */,
				11A12CEC20806D78000D88E7 /* ProfileViewController.swift in Sources */,
				11E24EE92083EAF6000B288E /* StartUpController.swift in Sources */,
				11A12CEE20806D78000D88E7 /* TabBarViewController.swift in Sources */,
				117F6F99207FDFEE00719311 /* QuotesUser.swift in Sources */,
				11DF173120807BA70010F4CD /* QuoteReviewViewController.swift in Sources */,
				11E24EEC20840AC0000B288E /* Date+String.swift in Sources */,
				11A12CD620804C6D000D88E7 /* ProfileHeaderTableViewCell.swift in Sources */,
				11A12CEB20806D78000D88E7 /* FeedViewController.swift in Sources */,
				11A12CE42080597D000D88E7 /* ProfileFeedCollectionViewCell.swift in Sources */,
				11A12CE0208050A8000D88E7 /* ProfileQuotesSelectionTableViewCell.swift in Sources */,
				11E24EE52083E7E7000B288E /* Config.swift in Sources */,
				11A12CDC20804CBF000D88E7 /* ProfileQuotesTableViewCell.swift in Sources */,
				11A12CF120806DAD000D88E7 /* QuotesNavigationBar.swift in Sources */,
				11A12CED20806D78000D88E7 /* QuotesViewController.swift in Sources */,
				11FCB35220842D3A005D5049 /* UIAlertController+Show.swift in Sources */,
				119FAF492084394C00FB1A93 /* SearchView.swift in Sources */,
				117F6F95207FCFBD00719311 /* FeedTableViewCell.swift in Sources */,
				116B692720831F3F00A4C149 /* Quote.swift in Sources */,
				116B68E62082D37A00A4C149 /* GenerateUsersAndQuotesController.swift in Sources */,
			);
			runOnlyForDeploymentPostprocessing = 0;
		};
/* End PBXSourcesBuildPhase section */

/* Begin PBXVariantGroup section */
		117F6F8C207FCF0E00719311 /* LaunchScreen.storyboard */ = {
			isa = PBXVariantGroup;
			children = (
				117F6F8D207FCF0E00719311 /* Base */,
			);
			name = LaunchScreen.storyboard;
			sourceTree = "<group>";
		};
		117F6F8E207FCF0E00719311 /* Main.storyboard */ = {
			isa = PBXVariantGroup;
			children = (
				117F6F8F207FCF0E00719311 /* Base */,
			);
			name = Main.storyboard;
			sourceTree = "<group>";
		};
/* End PBXVariantGroup section */

/* Begin XCBuildConfiguration section */
		11489055207F008000F633D3 /* Debug */ = {
			isa = XCBuildConfiguration;
			buildSettings = {
				ALWAYS_SEARCH_USER_PATHS = NO;
				CLANG_ANALYZER_NONNULL = YES;
				CLANG_ANALYZER_NUMBER_OBJECT_CONVERSION = YES_AGGRESSIVE;
				CLANG_CXX_LANGUAGE_STANDARD = "gnu++14";
				CLANG_CXX_LIBRARY = "libc++";
				CLANG_ENABLE_MODULES = YES;
				CLANG_ENABLE_OBJC_ARC = YES;
				CLANG_WARN_BLOCK_CAPTURE_AUTORELEASING = YES;
				CLANG_WARN_BOOL_CONVERSION = YES;
				CLANG_WARN_COMMA = YES;
				CLANG_WARN_CONSTANT_CONVERSION = YES;
				CLANG_WARN_DIRECT_OBJC_ISA_USAGE = YES_ERROR;
				CLANG_WARN_DOCUMENTATION_COMMENTS = YES;
				CLANG_WARN_EMPTY_BODY = YES;
				CLANG_WARN_ENUM_CONVERSION = YES;
				CLANG_WARN_INFINITE_RECURSION = YES;
				CLANG_WARN_INT_CONVERSION = YES;
				CLANG_WARN_NON_LITERAL_NULL_CONVERSION = YES;
				CLANG_WARN_OBJC_LITERAL_CONVERSION = YES;
				CLANG_WARN_OBJC_ROOT_CLASS = YES_ERROR;
				CLANG_WARN_RANGE_LOOP_ANALYSIS = YES;
				CLANG_WARN_STRICT_PROTOTYPES = YES;
				CLANG_WARN_SUSPICIOUS_MOVE = YES;
				CLANG_WARN_UNGUARDED_AVAILABILITY = YES_AGGRESSIVE;
				CLANG_WARN_UNREACHABLE_CODE = YES;
				CLANG_WARN__DUPLICATE_METHOD_MATCH = YES;
				CODE_SIGN_IDENTITY = "iPhone Developer";
				COPY_PHASE_STRIP = NO;
				DEBUG_INFORMATION_FORMAT = dwarf;
				ENABLE_STRICT_OBJC_MSGSEND = YES;
				ENABLE_TESTABILITY = YES;
				GCC_C_LANGUAGE_STANDARD = gnu11;
				GCC_DYNAMIC_NO_PIC = NO;
				GCC_NO_COMMON_BLOCKS = YES;
				GCC_OPTIMIZATION_LEVEL = 0;
				GCC_PREPROCESSOR_DEFINITIONS = (
					"DEBUG=1",
					"$(inherited)",
				);
				GCC_WARN_64_TO_32_BIT_CONVERSION = YES;
				GCC_WARN_ABOUT_RETURN_TYPE = YES_ERROR;
				GCC_WARN_UNDECLARED_SELECTOR = YES;
				GCC_WARN_UNINITIALIZED_AUTOS = YES_AGGRESSIVE;
				GCC_WARN_UNUSED_FUNCTION = YES;
				GCC_WARN_UNUSED_VARIABLE = YES;
				IPHONEOS_DEPLOYMENT_TARGET = 11.2;
				MTL_ENABLE_DEBUG_INFO = YES;
				ONLY_ACTIVE_ARCH = YES;
				SDKROOT = iphoneos;
				SWIFT_ACTIVE_COMPILATION_CONDITIONS = DEBUG;
				SWIFT_OPTIMIZATION_LEVEL = "-Onone";
			};
			name = Debug;
		};
		11489056207F008000F633D3 /* Release */ = {
			isa = XCBuildConfiguration;
			buildSettings = {
				ALWAYS_SEARCH_USER_PATHS = NO;
				CLANG_ANALYZER_NONNULL = YES;
				CLANG_ANALYZER_NUMBER_OBJECT_CONVERSION = YES_AGGRESSIVE;
				CLANG_CXX_LANGUAGE_STANDARD = "gnu++14";
				CLANG_CXX_LIBRARY = "libc++";
				CLANG_ENABLE_MODULES = YES;
				CLANG_ENABLE_OBJC_ARC = YES;
				CLANG_WARN_BLOCK_CAPTURE_AUTORELEASING = YES;
				CLANG_WARN_BOOL_CONVERSION = YES;
				CLANG_WARN_COMMA = YES;
				CLANG_WARN_CONSTANT_CONVERSION = YES;
				CLANG_WARN_DIRECT_OBJC_ISA_USAGE = YES_ERROR;
				CLANG_WARN_DOCUMENTATION_COMMENTS = YES;
				CLANG_WARN_EMPTY_BODY = YES;
				CLANG_WARN_ENUM_CONVERSION = YES;
				CLANG_WARN_INFINITE_RECURSION = YES;
				CLANG_WARN_INT_CONVERSION = YES;
				CLANG_WARN_NON_LITERAL_NULL_CONVERSION = YES;
				CLANG_WARN_OBJC_LITERAL_CONVERSION = YES;
				CLANG_WARN_OBJC_ROOT_CLASS = YES_ERROR;
				CLANG_WARN_RANGE_LOOP_ANALYSIS = YES;
				CLANG_WARN_STRICT_PROTOTYPES = YES;
				CLANG_WARN_SUSPICIOUS_MOVE = YES;
				CLANG_WARN_UNGUARDED_AVAILABILITY = YES_AGGRESSIVE;
				CLANG_WARN_UNREACHABLE_CODE = YES;
				CLANG_WARN__DUPLICATE_METHOD_MATCH = YES;
				CODE_SIGN_IDENTITY = "iPhone Developer";
				COPY_PHASE_STRIP = NO;
				DEBUG_INFORMATION_FORMAT = "dwarf-with-dsym";
				ENABLE_NS_ASSERTIONS = NO;
				ENABLE_STRICT_OBJC_MSGSEND = YES;
				GCC_C_LANGUAGE_STANDARD = gnu11;
				GCC_NO_COMMON_BLOCKS = YES;
				GCC_WARN_64_TO_32_BIT_CONVERSION = YES;
				GCC_WARN_ABOUT_RETURN_TYPE = YES_ERROR;
				GCC_WARN_UNDECLARED_SELECTOR = YES;
				GCC_WARN_UNINITIALIZED_AUTOS = YES_AGGRESSIVE;
				GCC_WARN_UNUSED_FUNCTION = YES;
				GCC_WARN_UNUSED_VARIABLE = YES;
				IPHONEOS_DEPLOYMENT_TARGET = 11.2;
				MTL_ENABLE_DEBUG_INFO = NO;
				SDKROOT = iphoneos;
				SWIFT_OPTIMIZATION_LEVEL = "-Owholemodule";
				VALIDATE_PRODUCT = YES;
			};
			name = Release;
		};
		11489058207F008000F633D3 /* Debug */ = {
			isa = XCBuildConfiguration;
			baseConfigurationReference = 0BBC51F81E45BA9358ECABA3 /* Pods-Quotes.debug.xcconfig */;
			buildSettings = {
				ASSETCATALOG_COMPILER_APPICON_NAME = AppIcon;
				CLANG_ENABLE_MODULES = YES;
				CODE_SIGN_STYLE = Automatic;
				DEVELOPMENT_TEAM = 9N3L678TDF;
				INFOPLIST_FILE = "quotes/Supporting Files/Info.plist";
				LD_RUNPATH_SEARCH_PATHS = "$(inherited) @executable_path/Frameworks";
				PRODUCT_BUNDLE_IDENTIFIER = com.sarahlee.quotes;
				PRODUCT_NAME = "$(TARGET_NAME)";
				SWIFT_OBJC_BRIDGING_HEADER = "Quotes/Supporting Files/Quotes-Bridging-Header.h";
				SWIFT_OPTIMIZATION_LEVEL = "-Onone";
				SWIFT_VERSION = 4.0;
				TARGETED_DEVICE_FAMILY = "1,2";
			};
			name = Debug;
		};
		11489059207F008000F633D3 /* Release */ = {
			isa = XCBuildConfiguration;
			baseConfigurationReference = D03B4A939133D3E0957ADE1F /* Pods-Quotes.release.xcconfig */;
			buildSettings = {
				ASSETCATALOG_COMPILER_APPICON_NAME = AppIcon;
				CLANG_ENABLE_MODULES = YES;
				CODE_SIGN_STYLE = Automatic;
				DEVELOPMENT_TEAM = 9N3L678TDF;
				INFOPLIST_FILE = "quotes/Supporting Files/Info.plist";
				LD_RUNPATH_SEARCH_PATHS = "$(inherited) @executable_path/Frameworks";
				PRODUCT_BUNDLE_IDENTIFIER = com.sarahlee.quotes;
				PRODUCT_NAME = "$(TARGET_NAME)";
				SWIFT_OBJC_BRIDGING_HEADER = "Quotes/Supporting Files/Quotes-Bridging-Header.h";
				SWIFT_VERSION = 4.0;
				TARGETED_DEVICE_FAMILY = "1,2";
			};
			name = Release;
		};
/* End XCBuildConfiguration section */

/* Begin XCConfigurationList section */
		1148903E207F007F00F633D3 /* Build configuration list for PBXProject "Quotes" */ = {
			isa = XCConfigurationList;
			buildConfigurations = (
				11489055207F008000F633D3 /* Debug */,
				11489056207F008000F633D3 /* Release */,
			);
			defaultConfigurationIsVisible = 0;
			defaultConfigurationName = Release;
		};
		11489057207F008000F633D3 /* Build configuration list for PBXNativeTarget "Quotes" */ = {
			isa = XCConfigurationList;
			buildConfigurations = (
				11489058207F008000F633D3 /* Debug */,
				11489059207F008000F633D3 /* Release */,
			);
			defaultConfigurationIsVisible = 0;
			defaultConfigurationName = Release;
		};
/* End XCConfigurationList section */
	};
	rootObject = 1148903B207F007F00F633D3 /* Project object */;
}
